{
  "nodes": {
    "nixpkgs": {
      "locked": {
        "lastModified": 1634934710,
        "narHash": "sha256-p3kFzLbwRGEugco+BNVTnAAKF2LtF9R60O4IQ0Gtpbk=",
        "owner": "nixpkgs",
        "repo": "nixpkgs",
        "rev": "1fa5e13f30c60890b01475d7945a17ca5721a5f2",
        "type": "github"
      },
      "original": {
        "owner": "nixpkgs",
        "repo": "nixpkgs",
        "rev": "1fa5e13f30c60890b01475d7945a17ca5721a5f2",
        "type": "github"
      }
    },
    "root": {
      "inputs": {
        "template": "template"
      }
    },
    "template": {
      "inputs": {
        "nixpkgs": "nixpkgs"
      },
      "locked": {
        "narHash": "sha256-dQxUi4h3AWM3eSFdKSnGE435BjMSzqDGw7Z1i/QEvn8=",
        "path": "../template",
        "type": "path"
      },
      "original": {
        "path": "../template",
        "type": "path"
      }
    }
  },
  "root": "root",
  "version": 7
}
