{
  "nodes": {
    "nixpkgs": {
      "locked": {
        "lastModified": 1638887115,
        "narHash": "sha256-emjtIeqyJ84Eb3X7APJruTrwcfnHQKs55XGljj62prs=",
        "owner": "NixOS",
        "repo": "nixpkgs",
        "rev": "1bd4bbd49bef217a3d1adea43498270d6e779d65",
        "type": "github"
      },
      "original": {
        "id": "nixpkgs",
        "ref": "nixos-21.11",
        "type": "indirect"
      }
    },
    "root": {
      "inputs": {
        "template": "template"
      }
    },
    "template": {
      "inputs": {
        "nixpkgs": "nixpkgs"
      },
      "locked": {
        "narHash": "sha256-aadhjcU1RFaflkOf4idTqGmhA16IUMWtOm3Y9pNyDkg=",
        "path": "../template",
        "type": "path"
      },
      "original": {
        "path": "../template",
        "type": "path"
      }
    }
  },
  "root": "root",
  "version": 7
}
